
Microsoft Visual Studio Solution File, Format Version 12.00
# Visual Studio Version 17
VisualStudioVersion = 17.8.34309.116
MinimumVisualStudioVersion = 10.0.40219.1
Project("{8BC9CEB8-8B4A-11D0-8D11-00A0C91BC942}") = "pytracy", "pytracy.vcxproj", "{7A873EFB-63F9-414C-9E5A-9B5B96204AB2}"
EndProject
Project("{888888A0-9F3D-457C-B088-3A5042F75D52}") = "Skielektro-app", "..\Desktop\skielektro-app\Skielektro-app.pyproj", "{101CA1F0-588E-4487-8883-1348F53E467D}"
EndProject
Project("{8BC9CEB8-8B4A-11D0-8D11-00A0C91BC942}") = "TracyClient", "tracy-build\TracyClient.vcxproj", "{983F1746-5A31-3F41-9E81-17BB518FB9E1}"
EndProject
Global
	GlobalSection(SolutionConfigurationPlatforms) = preSolution
		Debug|Any CPU = Debug|Any CPU
		Debug|x64 = Debug|x64
		Debug|x86 = Debug|x86
		Debug9|Any CPU = Debug9|Any CPU
		Debug9|x64 = Debug9|x64
		Debug9|x86 = Debug9|x86
		DebugSki|Any CPU = DebugSki|Any CPU
		DebugSki|x64 = DebugSki|x64
		DebugSki|x86 = DebugSki|x86
		MinSizeRel|Any CPU = MinSizeRel|Any CPU
		MinSizeRel|x64 = MinSizeRel|x64
		MinSizeRel|x86 = MinSizeRel|x86
		Release|Any CPU = Release|Any CPU
		Release|x64 = Release|x64
		Release|x86 = Release|x86
		RelWithDebInfo|Any CPU = RelWithDebInfo|Any CPU
		RelWithDebInfo|x64 = RelWithDebInfo|x64
		RelWithDebInfo|x86 = RelWithDebInfo|x86
	EndGlobalSection
	GlobalSection(ProjectConfigurationPlatforms) = postSolution
		{7A873EFB-63F9-414C-9E5A-9B5B96204AB2}.Debug|Any CPU.ActiveCfg = Debug|x64
		{7A873EFB-63F9-414C-9E5A-9B5B96204AB2}.Debug|Any CPU.Build.0 = Debug|x64
		{7A873EFB-63F9-414C-9E5A-9B5B96204AB2}.Debug|x64.ActiveCfg = Debug|x64
		{7A873EFB-63F9-414C-9E5A-9B5B96204AB2}.Debug|x64.Build.0 = Debug|x64
		{7A873EFB-63F9-414C-9E5A-9B5B96204AB2}.Debug|x86.ActiveCfg = Debug|Win32
		{7A873EFB-63F9-414C-9E5A-9B5B96204AB2}.Debug|x86.Build.0 = Debug|Win32
		{7A873EFB-63F9-414C-9E5A-9B5B96204AB2}.Debug9|Any CPU.ActiveCfg = Debug9|x64
		{7A873EFB-63F9-414C-9E5A-9B5B96204AB2}.Debug9|Any CPU.Build.0 = Debug9|x64
		{7A873EFB-63F9-414C-9E5A-9B5B96204AB2}.Debug9|x64.ActiveCfg = Debug9|x64
		{7A873EFB-63F9-414C-9E5A-9B5B96204AB2}.Debug9|x64.Build.0 = Debug9|x64
		{7A873EFB-63F9-414C-9E5A-9B5B96204AB2}.Debug9|x86.ActiveCfg = Debug9|Win32
		{7A873EFB-63F9-414C-9E5A-9B5B96204AB2}.Debug9|x86.Build.0 = Debug9|Win32
		{7A873EFB-63F9-414C-9E5A-9B5B96204AB2}.DebugSki|Any CPU.ActiveCfg = DebugSki|x64
		{7A873EFB-63F9-414C-9E5A-9B5B96204AB2}.DebugSki|Any CPU.Build.0 = DebugSki|x64
		{7A873EFB-63F9-414C-9E5A-9B5B96204AB2}.DebugSki|x64.ActiveCfg = DebugSki|x64
		{7A873EFB-63F9-414C-9E5A-9B5B96204AB2}.DebugSki|x64.Build.0 = DebugSki|x64
		{7A873EFB-63F9-414C-9E5A-9B5B96204AB2}.DebugSki|x86.ActiveCfg = DebugSki|Win32
		{7A873EFB-63F9-414C-9E5A-9B5B96204AB2}.DebugSki|x86.Build.0 = DebugSki|Win32
		{7A873EFB-63F9-414C-9E5A-9B5B96204AB2}.MinSizeRel|Any CPU.ActiveCfg = Release|x64
		{7A873EFB-63F9-414C-9E5A-9B5B96204AB2}.MinSizeRel|Any CPU.Build.0 = Release|x64
		{7A873EFB-63F9-414C-9E5A-9B5B96204AB2}.MinSizeRel|x64.ActiveCfg = Release|x64
		{7A873EFB-63F9-414C-9E5A-9B5B96204AB2}.MinSizeRel|x64.Build.0 = Release|x64
		{7A873EFB-63F9-414C-9E5A-9B5B96204AB2}.MinSizeRel|x86.ActiveCfg = Release|Win32
		{7A873EFB-63F9-414C-9E5A-9B5B96204AB2}.MinSizeRel|x86.Build.0 = Release|Win32
		{7A873EFB-63F9-414C-9E5A-9B5B96204AB2}.Release|Any CPU.ActiveCfg = Release|x64
		{7A873EFB-63F9-414C-9E5A-9B5B96204AB2}.Release|Any CPU.Build.0 = Release|x64
		{7A873EFB-63F9-414C-9E5A-9B5B96204AB2}.Release|x64.ActiveCfg = Release|x64
		{7A873EFB-63F9-414C-9E5A-9B5B96204AB2}.Release|x64.Build.0 = Release|x64
		{7A873EFB-63F9-414C-9E5A-9B5B96204AB2}.Release|x86.ActiveCfg = Release|Win32
		{7A873EFB-63F9-414C-9E5A-9B5B96204AB2}.Release|x86.Build.0 = Release|Win32
		{7A873EFB-63F9-414C-9E5A-9B5B96204AB2}.RelWithDebInfo|Any CPU.ActiveCfg = Release|x64
		{7A873EFB-63F9-414C-9E5A-9B5B96204AB2}.RelWithDebInfo|Any CPU.Build.0 = Release|x64
		{7A873EFB-63F9-414C-9E5A-9B5B96204AB2}.RelWithDebInfo|x64.ActiveCfg = Release|x64
		{7A873EFB-63F9-414C-9E5A-9B5B96204AB2}.RelWithDebInfo|x64.Build.0 = Release|x64
		{7A873EFB-63F9-414C-9E5A-9B5B96204AB2}.RelWithDebInfo|x86.ActiveCfg = Release|Win32
		{7A873EFB-63F9-414C-9E5A-9B5B96204AB2}.RelWithDebInfo|x86.Build.0 = Release|Win32
		{101CA1F0-588E-4487-8883-1348F53E467D}.Debug|Any CPU.ActiveCfg = Debug|Any CPU
		{101CA1F0-588E-4487-8883-1348F53E467D}.Debug|x64.ActiveCfg = Debug|Any CPU
		{101CA1F0-588E-4487-8883-1348F53E467D}.Debug|x86.ActiveCfg = Debug|Any CPU
		{101CA1F0-588E-4487-8883-1348F53E467D}.Debug9|Any CPU.ActiveCfg = Debug9|Any CPU
		{101CA1F0-588E-4487-8883-1348F53E467D}.Debug9|x64.ActiveCfg = Debug9|Any CPU
		{101CA1F0-588E-4487-8883-1348F53E467D}.Debug9|x86.ActiveCfg = Debug9|Any CPU
		{101CA1F0-588E-4487-8883-1348F53E467D}.DebugSki|Any CPU.ActiveCfg = Debug|Any CPU
		{101CA1F0-588E-4487-8883-1348F53E467D}.DebugSki|x64.ActiveCfg = Debug|Any CPU
		{101CA1F0-588E-4487-8883-1348F53E467D}.DebugSki|x86.ActiveCfg = Debug|Any CPU
		{101CA1F0-588E-4487-8883-1348F53E467D}.MinSizeRel|Any CPU.ActiveCfg = Release|Any CPU
		{101CA1F0-588E-4487-8883-1348F53E467D}.MinSizeRel|x64.ActiveCfg = Release|Any CPU
		{101CA1F0-588E-4487-8883-1348F53E467D}.MinSizeRel|x86.ActiveCfg = Release|Any CPU
		{101CA1F0-588E-4487-8883-1348F53E467D}.Release|Any CPU.ActiveCfg = Release|Any CPU
		{101CA1F0-588E-4487-8883-1348F53E467D}.Release|x64.ActiveCfg = Release|Any CPU
		{101CA1F0-588E-4487-8883-1348F53E467D}.Release|x86.ActiveCfg = Release|Any CPU
		{101CA1F0-588E-4487-8883-1348F53E467D}.RelWithDebInfo|Any CPU.ActiveCfg = Release|Any CPU
		{101CA1F0-588E-4487-8883-1348F53E467D}.RelWithDebInfo|x64.ActiveCfg = Release|Any CPU
		{101CA1F0-588E-4487-8883-1348F53E467D}.RelWithDebInfo|x86.ActiveCfg = Release|Any CPU
		{983F1746-5A31-3F41-9E81-17BB518FB9E1}.Debug|Any CPU.ActiveCfg = Debug|x64
		{983F1746-5A31-3F41-9E81-17BB518FB9E1}.Debug|Any CPU.Build.0 = Debug|x64
		{983F1746-5A31-3F41-9E81-17BB518FB9E1}.Debug|x64.ActiveCfg = Debug|x64
		{983F1746-5A31-3F41-9E81-17BB518FB9E1}.Debug|x64.Build.0 = Debug|x64
		{983F1746-5A31-3F41-9E81-17BB518FB9E1}.Debug|x86.ActiveCfg = Debug|x64
		{983F1746-5A31-3F41-9E81-17BB518FB9E1}.Debug|x86.Build.0 = Debug|x64
		{983F1746-5A31-3F41-9E81-17BB518FB9E1}.Debug9|Any CPU.ActiveCfg = Debug|x64
		{983F1746-5A31-3F41-9E81-17BB518FB9E1}.Debug9|Any CPU.Build.0 = Debug|x64
		{983F1746-5A31-3F41-9E81-17BB518FB9E1}.Debug9|x64.ActiveCfg = Debug|x64
		{983F1746-5A31-3F41-9E81-17BB518FB9E1}.Debug9|x64.Build.0 = Debug|x64
		{983F1746-5A31-3F41-9E81-17BB518FB9E1}.Debug9|x86.ActiveCfg = Debug|x64
		{983F1746-5A31-3F41-9E81-17BB518FB9E1}.Debug9|x86.Build.0 = Debug|x64
		{983F1746-5A31-3F41-9E81-17BB518FB9E1}.DebugSki|Any CPU.ActiveCfg = Debug|x64
		{983F1746-5A31-3F41-9E81-17BB518FB9E1}.DebugSki|Any CPU.Build.0 = Debug|x64
		{983F1746-5A31-3F41-9E81-17BB518FB9E1}.DebugSki|x64.ActiveCfg = Debug|x64
		{983F1746-5A31-3F41-9E81-17BB518FB9E1}.DebugSki|x64.Build.0 = Debug|x64
		{983F1746-5A31-3F41-9E81-17BB518FB9E1}.DebugSki|x86.ActiveCfg = Debug|x64
		{983F1746-5A31-3F41-9E81-17BB518FB9E1}.DebugSki|x86.Build.0 = Debug|x64
		{983F1746-5A31-3F41-9E81-17BB518FB9E1}.MinSizeRel|Any CPU.ActiveCfg = MinSizeRel|x64
		{983F1746-5A31-3F41-9E81-17BB518FB9E1}.MinSizeRel|Any CPU.Build.0 = MinSizeRel|x64
		{983F1746-5A31-3F41-9E81-17BB518FB9E1}.MinSizeRel|x64.ActiveCfg = MinSizeRel|x64
		{983F1746-5A31-3F41-9E81-17BB518FB9E1}.MinSizeRel|x64.Build.0 = MinSizeRel|x64
		{983F1746-5A31-3F41-9E81-17BB518FB9E1}.MinSizeRel|x86.ActiveCfg = MinSizeRel|x64
		{983F1746-5A31-3F41-9E81-17BB518FB9E1}.MinSizeRel|x86.Build.0 = MinSizeRel|x64
		{983F1746-5A31-3F41-9E81-17BB518FB9E1}.Release|Any CPU.ActiveCfg = Release|x64
		{983F1746-5A31-3F41-9E81-17BB518FB9E1}.Release|Any CPU.Build.0 = Release|x64
		{983F1746-5A31-3F41-9E81-17BB518FB9E1}.Release|x64.ActiveCfg = Release|x64
		{983F1746-5A31-3F41-9E81-17BB518FB9E1}.Release|x64.Build.0 = Release|x64
		{983F1746-5A31-3F41-9E81-17BB518FB9E1}.Release|x86.ActiveCfg = Release|x64
		{983F1746-5A31-3F41-9E81-17BB518FB9E1}.Release|x86.Build.0 = Release|x64
		{983F1746-5A31-3F41-9E81-17BB518FB9E1}.RelWithDebInfo|Any CPU.ActiveCfg = RelWithDebInfo|x64
		{983F1746-5A31-3F41-9E81-17BB518FB9E1}.RelWithDebInfo|Any CPU.Build.0 = RelWithDebInfo|x64
		{983F1746-5A31-3F41-9E81-17BB518FB9E1}.RelWithDebInfo|x64.ActiveCfg = RelWithDebInfo|x64
		{983F1746-5A31-3F41-9E81-17BB518FB9E1}.RelWithDebInfo|x64.Build.0 = RelWithDebInfo|x64
		{983F1746-5A31-3F41-9E81-17BB518FB9E1}.RelWithDebInfo|x86.ActiveCfg = RelWithDebInfo|x64
		{983F1746-5A31-3F41-9E81-17BB518FB9E1}.RelWithDebInfo|x86.Build.0 = RelWithDebInfo|x64
	EndGlobalSection
	GlobalSection(SolutionProperties) = preSolution
		HideSolutionNode = FALSE
	EndGlobalSection
	GlobalSection(ExtensibilityGlobals) = postSolution
		SolutionGuid = {A76B94E3-CEDF-4B7E-8514-864DE92BFB6D}
	EndGlobalSection
EndGlobal
